
Microsoft Visual Studio Solution File, Format Version 12.00
# Visual Studio 15
VisualStudioVersion = 15.0.27130.2010
MinimumVisualStudioVersion = 10.0.40219.1
Project("{FAE04EC0-301F-11D3-BF4B-00C04F79EFBC}") = "LINQPratice", "LINQPratice\LINQPratice.csproj", "{6EBAFECE-28A9-4003-89D7-4383C40C33BF}"
EndProject
Global
	GlobalSection(SolutionConfigurationPlatforms) = preSolution
		Debug|Any CPU = Debug|Any CPU
		Release|Any CPU = Release|Any CPU
	EndGlobalSection
	GlobalSection(ProjectConfigurationPlatforms) = postSolution
		{6EBAFECE-28A9-4003-89D7-4383C40C33BF}.Debug|Any CPU.ActiveCfg = Debug|Any CPU
		{6EBAFECE-28A9-4003-89D7-4383C40C33BF}.Debug|Any CPU.Build.0 = Debug|Any CPU
		{6EBAFECE-28A9-4003-89D7-4383C40C33BF}.Release|Any CPU.ActiveCfg = Release|Any CPU
		{6EBAFECE-28A9-4003-89D7-4383C40C33BF}.Release|Any CPU.Build.0 = Release|Any CPU
	EndGlobalSection
	GlobalSection(SolutionProperties) = preSolution
		HideSolutionNode = FALSE
	EndGlobalSection
	GlobalSection(ExtensibilityGlobals) = postSolution
		SolutionGuid = {E43EA02F-1D4B-4ED8-BF85-3AC448C47799}
	EndGlobalSection
EndGlobal
